
Microsoft Visual Studio Solution File, Format Version 11.00
# Visual Studio 2010
Project("{8BC9CEB8-8B4A-11D0-8D11-00A0C91BC942}") = "CPP Minesweeper", "CPP Minesweeper\CPP Minesweeper.vcxproj", "{640566F3-CF70-4A79-B754-12AB02894443}"
EndProject
Global
	GlobalSection(SubversionScc) = preSolution
		Svn-Managed = True
		Manager = AnkhSVN - Subversion Support for Visual Studio
	EndGlobalSection
	GlobalSection(SolutionConfigurationPlatforms) = preSolution
		Debug|Win32 = Debug|Win32
		Release|Win32 = Release|Win32
	EndGlobalSection
	GlobalSection(ProjectConfigurationPlatforms) = postSolution
		{640566F3-CF70-4A79-B754-12AB02894443}.Debug|Win32.ActiveCfg = Debug|Win32
		{640566F3-CF70-4A79-B754-12AB02894443}.Debug|Win32.Build.0 = Debug|Win32
		{640566F3-CF70-4A79-B754-12AB02894443}.Release|Win32.ActiveCfg = Release|Win32
		{640566F3-CF70-4A79-B754-12AB02894443}.Release|Win32.Build.0 = Release|Win32
	EndGlobalSection
	GlobalSection(SolutionProperties) = preSolution
		HideSolutionNode = FALSE
	EndGlobalSection
EndGlobal
